// !$*UTF8*$!
{
	archiveVersion = 1;
	classes = {
	};
	objectVersion = 70;
	objects = {

/* Begin PBXBuildFile section */
		504EC3081FED79650016851F /* AppDelegate.swift in Sources */ = {isa = PBXBuildFile; fileRef = 504EC3071FED79650016851F /* AppDelegate.swift */; };
		504EC30F1FED79650016851F /* Assets.xcassets in Resources */ = {isa = PBXBuildFile; fileRef = 504EC30E1FED79650016851F /* Assets.xcassets */; };
		504EC3121FED79650016851F /* PaliroLaunchScreen.storyboard in Resources */ = {isa = PBXBuildFile; fileRef = 504EC3101FED79650016851F /* PaliroLaunchScreen.storyboard */; };
		50B271D11FEDC1A000F3C39B /* PaliroBloomMedia in Resources */ = {isa = PBXBuildFile; fileRef = 50B271D41FEDC1A000F3C39B /* PaliroBloomMedia */; };
		50B271D21FEDC1A000F3C39B /* PaliroDewArchive in Resources */ = {isa = PBXBuildFile; fileRef = 50B271D51FEDC1A000F3C39B /* PaliroDewArchive */; };
		A14F8A710000000000000001 /* PaliroAstralWonder.swift in Sources */ = {isa = PBXBuildFile; fileRef = A14F8A710000000000000002 /* PaliroAstralWonder.swift */; };
		A14F8A710000000000000003 /* PaliroCelestialCanvas.swift in Sources */ = {isa = PBXBuildFile; fileRef = A14F8A710000000000000004 /* PaliroCelestialCanvas.swift */; };
		A14F8A710000000000000005 /* InfoPlist.strings in Resources */ = {isa = PBXBuildFile; fileRef = A14F8A710000000000000006 /* InfoPlist.strings */; };
		A14F8A710000000000000009 /* PaliroMoonlitPath.swift in Sources */ = {isa = PBXBuildFile; fileRef = A14F8A71000000000000000A /* PaliroMoonlitPath.swift */; };
		B17A00000000000000000001 /* PaliroLuminousCanvas.swift in Sources */ = {isa = PBXBuildFile; fileRef = B17A00000000000000000002 /* PaliroLuminousCanvas.swift */; };
		B17A00000000000000000003 /* PaliroGentleAurora.swift in Sources */ = {isa = PBXBuildFile; fileRef = B17A00000000000000000004 /* PaliroGentleAurora.swift */; };
		B17A00000000000000000005 /* PaliroSereneCadence.swift in Sources */ = {isa = PBXBuildFile; fileRef = B17A00000000000000000006 /* PaliroSereneCadence.swift */; };
		B17A00000000000000000007 /* PaliroVelvetEcho.swift in Sources */ = {isa = PBXBuildFile; fileRef = B17A00000000000000000008 /* PaliroVelvetEcho.swift */; };
		C18B00000000000000000001 /* PaliroDawnWhisper.swift in Sources */ = {isa = PBXBuildFile; fileRef = C18B00000000000000000002 /* PaliroDawnWhisper.swift */; };
		C18B00000000000000000003 /* PaliroAuroraBloom.swift in Sources */ = {isa = PBXBuildFile; fileRef = C18B00000000000000000004 /* PaliroAuroraBloom.swift */; };
		C18B00000000000000000005 /* PaliroQuietCove.swift in Sources */ = {isa = PBXBuildFile; fileRef = C18B00000000000000000006 /* PaliroQuietCove.swift */; };
		D19C00000000000000000001 /* PaliroMeadowHarmony.swift in Sources */ = {isa = PBXBuildFile; fileRef = D19C00000000000000000002 /* PaliroMeadowHarmony.swift */; };
		D19C00000000000000000003 /* PaliroSilverWillow.swift in Sources */ = {isa = PBXBuildFile; fileRef = D19C00000000000000000004 /* PaliroSilverWillow.swift */; };
		D19C00000000000000000005 /* PaliroAmberRipple.swift in Sources */ = {isa = PBXBuildFile; fileRef = D19C00000000000000000006 /* PaliroAmberRipple.swift */; };
		D19C00000000000000000007 /* PaliroMistyGrove.swift in Sources */ = {isa = PBXBuildFile; fileRef = D19C00000000000000000008 /* PaliroMistyGrove.swift */; };
		E20D00000000000000000001 /* PalirodreamyWonder.swift in Sources */ = {isa = PBXBuildFile; fileRef = E20D00000000000000000002 /* PalirodreamyWonder.swift */; };
/* End PBXBuildFile section */

/* Begin PBXFileReference section */
		504EC3041FED79650016851F /* PaDlroliroBox.app */ = {isa = PBXFileReference; explicitFileType = wrapper.application; includeInIndex = 0; path = PaDlroliroBox.app; sourceTree = BUILT_PRODUCTS_DIR; };
		504EC3071FED79650016851F /* AppDelegate.swift */ = {isa = PBXFileReference; lastKnownFileType = sourcecode.swift; path = AppDelegate.swift; sourceTree = "<group>"; };
		504EC30E1FED79650016851F /* Assets.xcassets */ = {isa = PBXFileReference; lastKnownFileType = folder.assetcatalog; path = Assets.xcassets; sourceTree = "<group>"; };
		504EC3111FED79650016851F /* Base */ = {isa = PBXFileReference; lastKnownFileType = file.storyboard; name = Base; path = Base.lproj/PaliroLaunchScreen.storyboard; sourceTree = "<group>"; };
		504EC3131FED79650016851F /* Info.plist */ = {isa = PBXFileReference; lastKnownFileType = text.plist.xml; path = Info.plist; sourceTree = "<group>"; };
		A14F8A710000000000000002 /* PaliroAstralWonder.swift */ = {isa = PBXFileReference; lastKnownFileType = sourcecode.swift; path = PaliroAstralWonder.swift; sourceTree = "<group>"; };
		A14F8A710000000000000004 /* PaliroCelestialCanvas.swift */ = {isa = PBXFileReference; lastKnownFileType = sourcecode.swift; path = PaliroCelestialCanvas.swift; sourceTree = "<group>"; };
		A14F8A710000000000000007 /* en */ = {isa = PBXFileReference; lastKnownFileType = text.plist.strings; name = en; path = en.lproj/InfoPlist.strings; sourceTree = "<group>"; };
		A14F8A710000000000000008 /* ko */ = {isa = PBXFileReference; lastKnownFileType = text.plist.strings; name = ko; path = ko.lproj/InfoPlist.strings; sourceTree = "<group>"; };
		A14F8A71000000000000000A /* PaliroMoonlitPath.swift */ = {isa = PBXFileReference; lastKnownFileType = sourcecode.swift; path = PaliroMoonlitPath.swift; sourceTree = "<group>"; };
		B17A00000000000000000002 /* PaliroLuminousCanvas.swift */ = {isa = PBXFileReference; lastKnownFileType = sourcecode.swift; path = PaliroLuminousCanvas.swift; sourceTree = "<group>"; };
		B17A00000000000000000004 /* PaliroGentleAurora.swift */ = {isa = PBXFileReference; lastKnownFileType = sourcecode.swift; path = PaliroGentleAurora.swift; sourceTree = "<group>"; };
		B17A00000000000000000006 /* PaliroSereneCadence.swift */ = {isa = PBXFileReference; lastKnownFileType = sourcecode.swift; path = PaliroSereneCadence.swift; sourceTree = "<group>"; };
		B17A00000000000000000008 /* PaliroVelvetEcho.swift */ = {isa = PBXFileReference; lastKnownFileType = sourcecode.swift; path = PaliroVelvetEcho.swift; sourceTree = "<group>"; };
		C18B00000000000000000002 /* PaliroDawnWhisper.swift */ = {isa = PBXFileReference; lastKnownFileType = sourcecode.swift; path = PaliroDawnWhisper.swift; sourceTree = "<group>"; };
		C18B00000000000000000004 /* PaliroAuroraBloom.swift */ = {isa = PBXFileReference; lastKnownFileType = sourcecode.swift; path = PaliroAuroraBloom.swift; sourceTree = "<group>"; };
		C18B00000000000000000006 /* PaliroQuietCove.swift */ = {isa = PBXFileReference; lastKnownFileType = sourcecode.swift; path = PaliroQuietCove.swift; sourceTree = "<group>"; };
		D19C00000000000000000002 /* PaliroMeadowHarmony.swift */ = {isa = PBXFileReference; lastKnownFileType = sourcecode.swift; path = PaliroMeadowHarmony.swift; sourceTree = "<group>"; };
		D19C00000000000000000004 /* PaliroSilverWillow.swift */ = {isa = PBXFileReference; lastKnownFileType = sourcecode.swift; path = PaliroSilverWillow.swift; sourceTree = "<group>"; };
		D19C00000000000000000006 /* PaliroAmberRipple.swift */ = {isa = PBXFileReference; lastKnownFileType = sourcecode.swift; path = PaliroAmberRipple.swift; sourceTree = "<group>"; };
		D19C00000000000000000008 /* PaliroMistyGrove.swift */ = {isa = PBXFileReference; lastKnownFileType = sourcecode.swift; path = PaliroMistyGrove.swift; sourceTree = "<group>"; };
		E20D00000000000000000002 /* PalirodreamyWonder.swift */ = {isa = PBXFileReference; lastKnownFileType = sourcecode.swift; path = PalirodreamyWonder.swift; sourceTree = "<group>"; };
		F55708A230529DD900484F80 /* PaDlroliroBox.entitlements */ = {isa = PBXFileReference; lastKnownFileType = text.plist.entitlements; path = PaDlroliroBox.entitlements; sourceTree = "<group>"; };
/* End PBXFileReference section */

/* Begin PBXFileSystemSynchronizedRootGroup section */
		50B271D41FEDC1A000F3C39B /* PaliroBloomMedia */ = {isa = PBXFileSystemSynchronizedRootGroup; explicitFileTypes = {}; explicitFolders = (); path = PaliroBloomMedia; sourceTree = "<group>"; };
		50B271D51FEDC1A000F3C39B /* PaliroDewArchive */ = {isa = PBXFileSystemSynchronizedRootGroup; explicitFileTypes = {}; explicitFolders = (); path = PaliroDewArchive; sourceTree = "<group>"; };
/* End PBXFileSystemSynchronizedRootGroup section */

/* Begin PBXFrameworksBuildPhase section */
		504EC3011FED79650016851F /* Frameworks */ = {
			isa = PBXFrameworksBuildPhase;
			buildActionMask = 2147483647;
			files = (
			);
			runOnlyForDeploymentPostprocessing = 0;
		};
/* End PBXFrameworksBuildPhase section */

/* Begin PBXGroup section */
		504EC2FB1FED79650016851F = {
			isa = PBXGroup;
			children = (
				504EC3061FED79650016851F /* PaDlroliroBox */,
				504EC3051FED79650016851F /* Products */,
			);
			sourceTree = "<group>";
		};
		504EC3051FED79650016851F /* Products */ = {
			isa = PBXGroup;
			children = (
				504EC3041FED79650016851F /* PaDlroliroBox.app */,
			);
			name = Products;
			sourceTree = "<group>";
		};
		504EC3061FED79650016851F /* PaDlroliroBox */ = {
			isa = PBXGroup;
			children = (
				F55708A230529DD900484F80 /* PaDlroliroBox.entitlements */,
				504EC3071FED79650016851F /* AppDelegate.swift */,
				E20D00000000000000000002 /* PalirodreamyWonder.swift */,
				A14F8A710000000000000002 /* PaliroAstralWonder.swift */,
				B17A00000000000000000002 /* PaliroLuminousCanvas.swift */,
				B17A00000000000000000004 /* PaliroGentleAurora.swift */,
				B17A00000000000000000006 /* PaliroSereneCadence.swift */,
				B17A00000000000000000008 /* PaliroVelvetEcho.swift */,
				A14F8A710000000000000004 /* PaliroCelestialCanvas.swift */,
				C18B00000000000000000002 /* PaliroDawnWhisper.swift */,
				C18B00000000000000000004 /* PaliroAuroraBloom.swift */,
				C18B00000000000000000006 /* PaliroQuietCove.swift */,
				A14F8A71000000000000000A /* PaliroMoonlitPath.swift */,
				D19C00000000000000000002 /* PaliroMeadowHarmony.swift */,
				D19C00000000000000000004 /* PaliroSilverWillow.swift */,
				D19C00000000000000000006 /* PaliroAmberRipple.swift */,
				D19C00000000000000000008 /* PaliroMistyGrove.swift */,
				504EC30E1FED79650016851F /* Assets.xcassets */,
				504EC3101FED79650016851F /* PaliroLaunchScreen.storyboard */,
				504EC3131FED79650016851F /* Info.plist */,
				A14F8A710000000000000006 /* InfoPlist.strings */,
				50B271D41FEDC1A000F3C39B /* PaliroBloomMedia */,
				50B271D51FEDC1A000F3C39B /* PaliroDewArchive */,
			);
			path = PaDlroliroBox;
			sourceTree = "<group>";
		};
/* End PBXGroup section */

/* Begin PBXNativeTarget section */
		504EC3031FED79650016851F /* PaDlroliroBox */ = {
			isa = PBXNativeTarget;
			buildConfigurationList = 504EC3161FED79650016851F /* Build configuration list for PBXNativeTarget "PaDlroliroBox" */;
			buildPhases = (
				504EC3001FED79650016851F /* Sources */,
				504EC3011FED79650016851F /* Frameworks */,
				504EC3021FED79650016851F /* Resources */,
			);
			buildRules = (
			);
			dependencies = (
			);
			name = PaDlroliroBox;
			productName = PaDlroliroBox;
			productReference = 504EC3041FED79650016851F /* PaDlroliroBox.app */;
			productType = "com.apple.product-type.application";
		};
/* End PBXNativeTarget section */

/* Begin PBXProject section */
		504EC2FC1FED79650016851F /* Project object */ = {
			isa = PBXProject;
			attributes = {
				LastSwiftUpdateCheck = 0920;
				LastUpgradeCheck = 0920;
				TargetAttributes = {
					504EC3031FED79650016851F = {
						CreatedOnToolsVersion = 9.2;
						LastSwiftMigration = 1100;
					};
				};
			};
			buildConfigurationList = 504EC2FF1FED79650016851F /* Build configuration list for PBXProject "PaDlroliroBox" */;
			compatibilityVersion = "Xcode 8.0";
			developmentRegion = en;
			hasScannedForEncodings = 0;
			knownRegions = (
				en,
				ko,
				Base,
			);
			mainGroup = 504EC2FB1FED79650016851F;
			productRefGroup = 504EC3051FED79650016851F /* Products */;
			projectDirPath = "";
			projectRoot = "";
			targets = (
				504EC3031FED79650016851F /* PaDlroliroBox */,
			);
		};
/* End PBXProject section */

/* Begin PBXResourcesBuildPhase section */
		504EC3021FED79650016851F /* Resources */ = {
			isa = PBXResourcesBuildPhase;
			buildActionMask = 2147483647;
			files = (
				504EC3121FED79650016851F /* PaliroLaunchScreen.storyboard in Resources */,
				50B271D11FEDC1A000F3C39B /* PaliroBloomMedia in Resources */,
				50B271D21FEDC1A000F3C39B /* PaliroDewArchive in Resources */,
				504EC30F1FED79650016851F /* Assets.xcassets in Resources */,
				A14F8A710000000000000005 /* InfoPlist.strings in Resources */,
			);
			runOnlyForDeploymentPostprocessing = 0;
		};
/* End PBXResourcesBuildPhase section */

/* Begin PBXSourcesBuildPhase section */
		504EC3001FED79650016851F /* Sources */ = {
			isa = PBXSourcesBuildPhase;
			buildActionMask = 2147483647;
			files = (
				504EC3081FED79650016851F /* AppDelegate.swift in Sources */,
				E20D00000000000000000001 /* PalirodreamyWonder.swift in Sources */,
				A14F8A710000000000000001 /* PaliroAstralWonder.swift in Sources */,
				B17A00000000000000000001 /* PaliroLuminousCanvas.swift in Sources */,
				B17A00000000000000000003 /* PaliroGentleAurora.swift in Sources */,
				B17A00000000000000000005 /* PaliroSereneCadence.swift in Sources */,
				B17A00000000000000000007 /* PaliroVelvetEcho.swift in Sources */,
				A14F8A710000000000000003 /* PaliroCelestialCanvas.swift in Sources */,
				C18B00000000000000000001 /* PaliroDawnWhisper.swift in Sources */,
				C18B00000000000000000003 /* PaliroAuroraBloom.swift in Sources */,
				C18B00000000000000000005 /* PaliroQuietCove.swift in Sources */,
				A14F8A710000000000000009 /* PaliroMoonlitPath.swift in Sources */,
				D19C00000000000000000001 /* PaliroMeadowHarmony.swift in Sources */,
				D19C00000000000000000003 /* PaliroSilverWillow.swift in Sources */,
				D19C00000000000000000005 /* PaliroAmberRipple.swift in Sources */,
				D19C00000000000000000007 /* PaliroMistyGrove.swift in Sources */,
			);
			runOnlyForDeploymentPostprocessing = 0;
		};
/* End PBXSourcesBuildPhase section */

/* Begin PBXVariantGroup section */
		504EC3101FED79650016851F /* PaliroLaunchScreen.storyboard */ = {
			isa = PBXVariantGroup;
			children = (
				504EC3111FED79650016851F /* Base */,
			);
			name = PaliroLaunchScreen.storyboard;
			sourceTree = "<group>";
		};
		A14F8A710000000000000006 /* InfoPlist.strings */ = {
			isa = PBXVariantGroup;
			children = (
				A14F8A710000000000000007 /* en */,
				A14F8A710000000000000008 /* ko */,
			);
			name = InfoPlist.strings;
			sourceTree = "<group>";
		};
/* End PBXVariantGroup section */

/* Begin XCBuildConfiguration section */
		504EC3141FED79650016851F /* Debug */ = {
			isa = XCBuildConfiguration;
			buildSettings = {
				ALWAYS_SEARCH_USER_PATHS = NO;
				CLANG_ANALYZER_NONNULL = YES;
				CLANG_ANALYZER_NUMBER_OBJECT_CONVERSION = YES_AGGRESSIVE;
				CLANG_CXX_LANGUAGE_STANDARD = "gnu++14";
				CLANG_CXX_LIBRARY = "libc++";
				CLANG_ENABLE_MODULES = YES;
				CLANG_ENABLE_OBJC_ARC = YES;
				CLANG_WARN_BLOCK_CAPTURE_AUTORELEASING = YES;
				CLANG_WARN_BOOL_CONVERSION = YES;
				CLANG_WARN_COMMA = YES;
				CLANG_WARN_CONSTANT_CONVERSION = YES;
				CLANG_WARN_DIRECT_OBJC_ISA_USAGE = YES_ERROR;
				CLANG_WARN_DOCUMENTATION_COMMENTS = YES;
				CLANG_WARN_EMPTY_BODY = YES;
				CLANG_WARN_ENUM_CONVERSION = YES;
				CLANG_WARN_INFINITE_RECURSION = YES;
				CLANG_WARN_INT_CONVERSION = YES;
				CLANG_WARN_NON_LITERAL_NULL_CONVERSION = YES;
				CLANG_WARN_OBJC_LITERAL_CONVERSION = YES;
				CLANG_WARN_OBJC_ROOT_CLASS = YES_ERROR;
				CLANG_WARN_RANGE_LOOP_ANALYSIS = YES;
				CLANG_WARN_STRICT_PROTOTYPES = YES;
				CLANG_WARN_SUSPICIOUS_MOVE = YES;
				CLANG_WARN_UNGUARDED_AVAILABILITY = YES_AGGRESSIVE;
				CLANG_WARN_UNREACHABLE_CODE = YES;
				CLANG_WARN__DUPLICATE_METHOD_MATCH = YES;
				CODE_SIGN_IDENTITY = "iPhone Developer";
				COPY_PHASE_STRIP = NO;
				DEBUG_INFORMATION_FORMAT = dwarf;
				ENABLE_STRICT_OBJC_MSGSEND = YES;
				ENABLE_TESTABILITY = YES;
				GCC_C_LANGUAGE_STANDARD = gnu11;
				GCC_DYNAMIC_NO_PIC = NO;
				GCC_NO_COMMON_BLOCKS = YES;
				GCC_OPTIMIZATION_LEVEL = 0;
				GCC_PREPROCESSOR_DEFINITIONS = (
					"DEBUG=1",
					"$(inherited)",
				);
				GCC_WARN_64_TO_32_BIT_CONVERSION = YES;
				GCC_WARN_ABOUT_RETURN_TYPE = YES_ERROR;
				GCC_WARN_UNDECLARED_SELECTOR = YES;
				GCC_WARN_UNINITIALIZED_AUTOS = YES_AGGRESSIVE;
				GCC_WARN_UNUSED_FUNCTION = YES;
				GCC_WARN_UNUSED_VARIABLE = YES;
				IPHONEOS_DEPLOYMENT_TARGET = 14.0;
				MTL_ENABLE_DEBUG_INFO = YES;
				ONLY_ACTIVE_ARCH = YES;
				SDKROOT = iphoneos;
				SWIFT_ACTIVE_COMPILATION_CONDITIONS = DEBUG;
				SWIFT_OPTIMIZATION_LEVEL = "-Onone";
			};
			name = Debug;
		};
		504EC3151FED79650016851F /* Release */ = {
			isa = XCBuildConfiguration;
			buildSettings = {
				ALWAYS_SEARCH_USER_PATHS = NO;
				CLANG_ANALYZER_NONNULL = YES;
				CLANG_ANALYZER_NUMBER_OBJECT_CONVERSION = YES_AGGRESSIVE;
				CLANG_CXX_LANGUAGE_STANDARD = "gnu++14";
				CLANG_CXX_LIBRARY = "libc++";
				CLANG_ENABLE_MODULES = YES;
				CLANG_ENABLE_OBJC_ARC = YES;
				CLANG_WARN_BLOCK_CAPTURE_AUTORELEASING = YES;
				CLANG_WARN_BOOL_CONVERSION = YES;
				CLANG_WARN_COMMA = YES;
				CLANG_WARN_CONSTANT_CONVERSION = YES;
				CLANG_WARN_DIRECT_OBJC_ISA_USAGE = YES_ERROR;
				CLANG_WARN_DOCUMENTATION_COMMENTS = YES;
				CLANG_WARN_EMPTY_BODY = YES;
				CLANG_WARN_ENUM_CONVERSION = YES;
				CLANG_WARN_INFINITE_RECURSION = YES;
				CLANG_WARN_INT_CONVERSION = YES;
				CLANG_WARN_NON_LITERAL_NULL_CONVERSION = YES;
				CLANG_WARN_OBJC_LITERAL_CONVERSION = YES;
				CLANG_WARN_OBJC_ROOT_CLASS = YES_ERROR;
				CLANG_WARN_RANGE_LOOP_ANALYSIS = YES;
				CLANG_WARN_STRICT_PROTOTYPES = YES;
				CLANG_WARN_SUSPICIOUS_MOVE = YES;
				CLANG_WARN_UNGUARDED_AVAILABILITY = YES_AGGRESSIVE;
				CLANG_WARN_UNREACHABLE_CODE = YES;
				CLANG_WARN__DUPLICATE_METHOD_MATCH = YES;
				CODE_SIGN_IDENTITY = "iPhone Developer";
				COPY_PHASE_STRIP = NO;
				DEBUG_INFORMATION_FORMAT = "dwarf-with-dsym";
				ENABLE_NS_ASSERTIONS = NO;
				ENABLE_STRICT_OBJC_MSGSEND = YES;
				GCC_C_LANGUAGE_STANDARD = gnu11;
				GCC_NO_COMMON_BLOCKS = YES;
				GCC_WARN_64_TO_32_BIT_CONVERSION = YES;
				GCC_WARN_ABOUT_RETURN_TYPE = YES_ERROR;
				GCC_WARN_UNDECLARED_SELECTOR = YES;
				GCC_WARN_UNINITIALIZED_AUTOS = YES_AGGRESSIVE;
				GCC_WARN_UNUSED_FUNCTION = YES;
				GCC_WARN_UNUSED_VARIABLE = YES;
				IPHONEOS_DEPLOYMENT_TARGET = 14.0;
				MTL_ENABLE_DEBUG_INFO = NO;
				SDKROOT = iphoneos;
				SWIFT_COMPILATION_MODE = wholemodule;
				SWIFT_OPTIMIZATION_LEVEL = "-O";
				VALIDATE_PRODUCT = YES;
			};
			name = Release;
		};
		504EC3171FED79650016851F /* Debug */ = {
			isa = XCBuildConfiguration;
			buildSettings = {
				ASSETCATALOG_COMPILER_APPICON_NAME = AppIcon;
				CODE_SIGN_ENTITLEMENTS = PaDlroliroBox/PaDlroliroBox.entitlements;
				CODE_SIGN_IDENTITY = "Apple Development";
				CODE_SIGN_STYLE = Manual;
				CURRENT_PROJECT_VERSION = 1;
				DEVELOPMENT_TEAM = "";
				INFOPLIST_FILE = PaDlroliroBox/Info.plist;
				INFOPLIST_KEY_CFBundleDisplayName = Paliro;
				IPHONEOS_DEPLOYMENT_TARGET = 15.6;
				LD_RUNPATH_SEARCH_PATHS = (
					"$(inherited)",
					"@executable_path/Frameworks",
				);
				MARKETING_VERSION = 1.0;
				PRODUCT_BUNDLE_IDENTIFIER = com.magipolcbox.paliro;
				PRODUCT_NAME = "$(TARGET_NAME)";
				PROVISIONING_PROFILE_SPECIFIER = "";
				SUPPORTED_PLATFORMS = "iphoneos iphonesimulator";
				SUPPORTS_MACCATALYST = NO;
				SUPPORTS_MAC_DESIGNED_FOR_IPHONE_IPAD = NO;
				SUPPORTS_XR_DESIGNED_FOR_IPHONE_IPAD = NO;
				SWIFT_ACTIVE_COMPILATION_CONDITIONS = DEBUG;
				SWIFT_VERSION = 5.0;
				TARGETED_DEVICE_FAMILY = 1;
			};
			name = Debug;
		};
		504EC3181FED79650016851F /* Release */ = {
			isa = XCBuildConfiguration;
			buildSettings = {
				ASSETCATALOG_COMPILER_APPICON_NAME = AppIcon;
				CODE_SIGN_ENTITLEMENTS = PaDlroliroBox/PaDlroliroBox.entitlements;
				CODE_SIGN_IDENTITY = "Apple Development";
				CODE_SIGN_STYLE = Manual;
				CURRENT_PROJECT_VERSION = 1;
				DEVELOPMENT_TEAM = "";
				INFOPLIST_FILE = PaDlroliroBox/Info.plist;
				INFOPLIST_KEY_CFBundleDisplayName = Paliro;
				IPHONEOS_DEPLOYMENT_TARGET = 15.6;
				LD_RUNPATH_SEARCH_PATHS = (
					"$(inherited)",
					"@executable_path/Frameworks",
				);
				MARKETING_VERSION = 1.0;
				PRODUCT_BUNDLE_IDENTIFIER = com.magipolcbox.paliro;
				PRODUCT_NAME = "$(TARGET_NAME)";
				PROVISIONING_PROFILE_SPECIFIER = "";
				SUPPORTED_PLATFORMS = "iphoneos iphonesimulator";
				SUPPORTS_MACCATALYST = NO;
				SUPPORTS_MAC_DESIGNED_FOR_IPHONE_IPAD = NO;
				SUPPORTS_XR_DESIGNED_FOR_IPHONE_IPAD = NO;
				SWIFT_ACTIVE_COMPILATION_CONDITIONS = "";
				SWIFT_VERSION = 5.0;
				TARGETED_DEVICE_FAMILY = 1;
			};
			name = Release;
		};
/* End XCBuildConfiguration section */

/* Begin XCConfigurationList section */
		504EC2FF1FED79650016851F /* Build configuration list for PBXProject "PaDlroliroBox" */ = {
			isa = XCConfigurationList;
			buildConfigurations = (
				504EC3141FED79650016851F /* Debug */,
				504EC3151FED79650016851F /* Release */,
			);
			defaultConfigurationIsVisible = 0;
			defaultConfigurationName = Release;
		};
		504EC3161FED79650016851F /* Build configuration list for PBXNativeTarget "PaDlroliroBox" */ = {
			isa = XCConfigurationList;
			buildConfigurations = (
				504EC3171FED79650016851F /* Debug */,
				504EC3181FED79650016851F /* Release */,
			);
			defaultConfigurationIsVisible = 0;
			defaultConfigurationName = Release;
		};
/* End XCConfigurationList section */
	};
	rootObject = 504EC2FC1FED79650016851F /* Project object */;
}
